// !$*UTF8*$!
{
	archiveVersion = 1;
	classes = {
	};
	objectVersion = 46;
	objects = {

/* Begin PBXBuildFile section */
		D4F83F03174B64CB00A7632C /* main.cpp in Sources */ = {isa = PBXBuildFile; fileRef = D4F83F02174B64CB00A7632C /* main.cpp */; };
		D4F83F05174B64CB00A7632C /* Prog3.1 in CopyFiles */ = {isa = PBXBuildFile; fileRef = D4F83F04174B64CB00A7632C /* Prog3.1 */; };
/* End PBXBuildFile section */

/* Begin PBXCopyFilesBuildPhase section */
		D4F83EFD174B64CB00A7632C /* CopyFiles */ = {
			isa = PBXCopyFilesBuildPhase;
			buildActionMask = 2147483647;
			dstPath = /usr/share/man/man1/;
			dstSubfolderSpec = 0;
			files = (
				D4F83F05174B64CB00A7632C /* Prog3.1 in CopyFiles */,
			);
			runOnlyForDeploymentPostprocessing = 1;
		};
/* End PBXCopyFilesBuildPhase section */

/* Begin PBXFileReference section */
		D4F83EFF174B64CB00A7632C /* Prog3 */ = {isa = PBXFileReference; explicitFileType = "compiled.mach-o.executable"; includeInIndex = 0; path = Prog3; sourceTree = BUILT_PRODUCTS_DIR; };
		D4F83F02174B64CB00A7632C /* main.cpp */ = {isa = PBXFileReference; lastKnownFileType = sourcecode.cpp.cpp; path = main.cpp; sourceTree = "<group>"; };
		D4F83F04174B64CB00A7632C /* Prog3.1 */ = {isa = PBXFileReference; lastKnownFileType = text.man; path = Prog3.1; sourceTree = "<group>"; };
/* End PBXFileReference section */

/* Begin PBXFrameworksBuildPhase section */
		D4F83EFC174B64CB00A7632C /* Frameworks */ = {
			isa = PBXFrameworksBuildPhase;
			buildActionMask = 2147483647;
			files = (
			);
			runOnlyForDeploymentPostprocessing = 0;
		};
/* End PBXFrameworksBuildPhase section */

/* Begin PBXGroup section */
		D4F83EF6174B64CB00A7632C = {
			isa = PBXGroup;
			children = (
				D4F83F01174B64CB00A7632C /* Prog3 */,
				D4F83F00174B64CB00A7632C /* Products */,
			);
			sourceTree = "<group>";
		};
		D4F83F00174B64CB00A7632C /* Products */ = {
			isa = PBXGroup;
			children = (
				D4F83EFF174B64CB00A7632C /* Prog3 */,
			);
			name = Products;
			sourceTree = "<group>";
		};
		D4F83F01174B64CB00A7632C /* Prog3 */ = {
			isa = PBXGroup;
			children = (
				D4F83F02174B64CB00A7632C /* main.cpp */,
				D4F83F04174B64CB00A7632C /* Prog3.1 */,
			);
			path = Prog3;
			sourceTree = "<group>";
		};
/* End PBXGroup section */

/* Begin PBXNativeTarget section */
		D4F83EFE174B64CB00A7632C /* Prog3 */ = {
			isa = PBXNativeTarget;
			buildConfigurationList = D4F83F08174B64CB00A7632C /* Build configuration list for PBXNativeTarget "Prog3" */;
			buildPhases = (
				D4F83EFB174B64CB00A7632C /* Sources */,
				D4F83EFC174B64CB00A7632C /* Frameworks */,
				D4F83EFD174B64CB00A7632C /* CopyFiles */,
			);
			buildRules = (
			);
			dependencies = (
			);
			name = Prog3;
			productName = Prog3;
			productReference = D4F83EFF174B64CB00A7632C /* Prog3 */;
			productType = "com.apple.product-type.tool";
		};
/* End PBXNativeTarget section */

/* Begin PBXProject section */
		D4F83EF7174B64CB00A7632C /* Project object */ = {
			isa = PBXProject;
			attributes = {
				LastUpgradeCheck = 0460;
				ORGANIZATIONNAME = "Knuth Lohse";
			};
			buildConfigurationList = D4F83EFA174B64CB00A7632C /* Build configuration list for PBXProject "Prog3" */;
			compatibilityVersion = "Xcode 3.2";
			developmentRegion = English;
			hasScannedForEncodings = 0;
			knownRegions = (
				en,
			);
			mainGroup = D4F83EF6174B64CB00A7632C;
			productRefGroup = D4F83F00174B64CB00A7632C /* Products */;
			projectDirPath = "";
			projectRoot = "";
			targets = (
				D4F83EFE174B64CB00A7632C /* Prog3 */,
			);
		};
/* End PBXProject section */

/* Begin PBXSourcesBuildPhase section */
		D4F83EFB174B64CB00A7632C /* Sources */ = {
			isa = PBXSourcesBuildPhase;
			buildActionMask = 2147483647;
			files = (
				D4F83F03174B64CB00A7632C /* main.cpp in Sources */,
			);
			runOnlyForDeploymentPostprocessing = 0;
		};
/* End PBXSourcesBuildPhase section */

/* Begin XCBuildConfiguration section */
		D4F83F06174B64CB00A7632C /* Debug */ = {
			isa = XCBuildConfiguration;
			buildSettings = {
				ALWAYS_SEARCH_USER_PATHS = NO;
				ARCHS = "$(ARCHS_STANDARD_64_BIT)";
				CLANG_CXX_LANGUAGE_STANDARD = "gnu++0x";
				CLANG_CXX_LIBRARY = "libc++";
				CLANG_WARN_CONSTANT_CONVERSION = YES;
				CLANG_WARN_EMPTY_BODY = YES;
				CLANG_WARN_ENUM_CONVERSION = YES;
				CLANG_WARN_INT_CONVERSION = YES;
				CLANG_WARN__DUPLICATE_METHOD_MATCH = YES;
				COPY_PHASE_STRIP = NO;
				GCC_C_LANGUAGE_STANDARD = gnu99;
				GCC_DYNAMIC_NO_PIC = NO;
				GCC_ENABLE_OBJC_EXCEPTIONS = YES;
				GCC_OPTIMIZATION_LEVEL = 0;
				GCC_PREPROCESSOR_DEFINITIONS = (
					"DEBUG=1",
					"$(inherited)",
				);
				GCC_SYMBOLS_PRIVATE_EXTERN = NO;
				GCC_WARN_64_TO_32_BIT_CONVERSION = YES;
				GCC_WARN_ABOUT_RETURN_TYPE = YES;
				GCC_WARN_UNINITIALIZED_AUTOS = YES;
				GCC_WARN_UNUSED_VARIABLE = YES;
				MACOSX_DEPLOYMENT_TARGET = 10.8;
				ONLY_ACTIVE_ARCH = YES;
				SDKROOT = macosx;
			};
			name = Debug;
		};
		D4F83F07174B64CB00A7632C /* Release */ = {
			isa = XCBuildConfiguration;
			buildSettings = {
				ALWAYS_SEARCH_USER_PATHS = NO;
				ARCHS = "$(ARCHS_STANDARD_64_BIT)";
				CLANG_CXX_LANGUAGE_STANDARD = "gnu++0x";
				CLANG_CXX_LIBRARY = "libc++";
				CLANG_WARN_CONSTANT_CONVERSION = YES;
				CLANG_WARN_EMPTY_BODY = YES;
				CLANG_WARN_ENUM_CONVERSION = YES;
				CLANG_WARN_INT_CONVERSION = YES;
				CLANG_WARN__DUPLICATE_METHOD_MATCH = YES;
				COPY_PHASE_STRIP = YES;
				DEBUG_INFORMATION_FORMAT = "dwarf-with-dsym";
				GCC_C_LANGUAGE_STANDARD = gnu99;
				GCC_ENABLE_OBJC_EXCEPTIONS = YES;
				GCC_WARN_64_TO_32_BIT_CONVERSION = YES;
				GCC_WARN_ABOUT_RETURN_TYPE = YES;
				GCC_WARN_UNINITIALIZED_AUTOS = YES;
				GCC_WARN_UNUSED_VARIABLE = YES;
				MACOSX_DEPLOYMENT_TARGET = 10.8;
				SDKROOT = macosx;
			};
			name = Release;
		};
		D4F83F09174B64CB00A7632C /* Debug */ = {
			isa = XCBuildConfiguration;
			buildSettings = {
				PRODUCT_NAME = "$(TARGET_NAME)";
			};
			name = Debug;
		};
		D4F83F0A174B64CB00A7632C /* Release */ = {
			isa = XCBuildConfiguration;
			buildSettings = {
				PRODUCT_NAME = "$(TARGET_NAME)";
			};
			name = Release;
		};
/* End XCBuildConfiguration section */

/* Begin XCConfigurationList section */
		D4F83EFA174B64CB00A7632C /* Build configuration list for PBXProject "Prog3" */ = {
			isa = XCConfigurationList;
			buildConfigurations = (
				D4F83F06174B64CB00A7632C /* Debug */,
				D4F83F07174B64CB00A7632C /* Release */,
			);
			defaultConfigurationIsVisible = 0;
			defaultConfigurationName = Release;
		};
		D4F83F08174B64CB00A7632C /* Build configuration list for PBXNativeTarget "Prog3" */ = {
			isa = XCConfigurationList;
			buildConfigurations = (
				D4F83F09174B64CB00A7632C /* Debug */,
				D4F83F0A174B64CB00A7632C /* Release */,
			);
			defaultConfigurationIsVisible = 0;
		};
/* End XCConfigurationList section */
	};
	rootObject = D4F83EF7174B64CB00A7632C /* Project object */;
}
